// !$*UTF8*$!
{
	archiveVersion = 1;
	classes = {
	};
	objectVersion = 46;
	objects = {

/* Begin PBXBuildFile section */
		F570F5B61BD4FF9E00CD0B0D /* main.m in Sources */ = {isa = PBXBuildFile; fileRef = F570F5B51BD4FF9E00CD0B0D /* main.m */; };
		F570F5B91BD4FF9E00CD0B0D /* AppDelegate.m in Sources */ = {isa = PBXBuildFile; fileRef = F570F5B81BD4FF9E00CD0B0D /* AppDelegate.m */; };
		F570F5BC1BD4FF9E00CD0B0D /* ViewController.m in Sources */ = {isa = PBXBuildFile; fileRef = F570F5BB1BD4FF9E00CD0B0D /* ViewController.m */; };
		F570F5BF1BD4FF9E00CD0B0D /* Main.storyboard in Resources */ = {isa = PBXBuildFile; fileRef = F570F5BD1BD4FF9E00CD0B0D /* Main.storyboard */; };
		F570F5C11BD4FF9E00CD0B0D /* Assets.xcassets in Resources */ = {isa = PBXBuildFile; fileRef = F570F5C01BD4FF9E00CD0B0D /* Assets.xcassets */; };
		F570F5C41BD4FF9E00CD0B0D /* LaunchScreen.storyboard in Resources */ = {isa = PBXBuildFile; fileRef = F570F5C21BD4FF9E00CD0B0D /* LaunchScreen.storyboard */; };
		F570F5CF1BD4FF9F00CD0B0D /* twoTableViewTests.m in Sources */ = {isa = PBXBuildFile; fileRef = F570F5CE1BD4FF9F00CD0B0D /* twoTableViewTests.m */; };
		F570F5DA1BD4FF9F00CD0B0D /* twoTableViewUITests.m in Sources */ = {isa = PBXBuildFile; fileRef = F570F5D91BD4FF9F00CD0B0D /* twoTableViewUITests.m */; };
		F570F5E91BD500E800CD0B0D /* UIView+XL.m in Sources */ = {isa = PBXBuildFile; fileRef = F570F5E81BD500E800CD0B0D /* UIView+XL.m */; settings = {ASSET_TAGS = (); }; };
		F570F5EC1BD502A200CD0B0D /* JPTeacherList.m in Sources */ = {isa = PBXBuildFile; fileRef = F570F5EB1BD502A200CD0B0D /* JPTeacherList.m */; settings = {ASSET_TAGS = (); }; };
		F570F5FF1BD502CD00CD0B0D /* MJConst.m in Sources */ = {isa = PBXBuildFile; fileRef = F570F5EF1BD502CD00CD0B0D /* MJConst.m */; settings = {ASSET_TAGS = (); }; };
		F570F6001BD502CD00CD0B0D /* MJFoundation.m in Sources */ = {isa = PBXBuildFile; fileRef = F570F5F21BD502CD00CD0B0D /* MJFoundation.m */; settings = {ASSET_TAGS = (); }; };
		F570F6011BD502CD00CD0B0D /* MJProperty.m in Sources */ = {isa = PBXBuildFile; fileRef = F570F5F41BD502CD00CD0B0D /* MJProperty.m */; settings = {ASSET_TAGS = (); }; };
		F570F6021BD502CD00CD0B0D /* MJType.m in Sources */ = {isa = PBXBuildFile; fileRef = F570F5F61BD502CD00CD0B0D /* MJType.m */; settings = {ASSET_TAGS = (); }; };
		F570F6031BD502CD00CD0B0D /* NSObject+MJCoding.m in Sources */ = {isa = PBXBuildFile; fileRef = F570F5F81BD502CD00CD0B0D /* NSObject+MJCoding.m */; settings = {ASSET_TAGS = (); }; };
		F570F6041BD502CD00CD0B0D /* NSObject+MJKeyValue.m in Sources */ = {isa = PBXBuildFile; fileRef = F570F5FA1BD502CD00CD0B0D /* NSObject+MJKeyValue.m */; settings = {ASSET_TAGS = (); }; };
		F570F6051BD502CD00CD0B0D /* NSObject+MJProperty.m in Sources */ = {isa = PBXBuildFile; fileRef = F570F5FC1BD502CD00CD0B0D /* NSObject+MJProperty.m */; settings = {ASSET_TAGS = (); }; };
		F570F6061BD502CD00CD0B0D /* NSString+MJExtension.m in Sources */ = {isa = PBXBuildFile; fileRef = F570F5FE1BD502CD00CD0B0D /* NSString+MJExtension.m */; settings = {ASSET_TAGS = (); }; };
		F570F6081BD5038800CD0B0D /* teacherList.plist in Resources */ = {isa = PBXBuildFile; fileRef = F570F6071BD5038800CD0B0D /* teacherList.plist */; settings = {ASSET_TAGS = (); }; };
		F570F60B1BD503C200CD0B0D /* JPTeacherCell.m in Sources */ = {isa = PBXBuildFile; fileRef = F570F6091BD503C200CD0B0D /* JPTeacherCell.m */; settings = {ASSET_TAGS = (); }; };
		F570F62E1BD504F300CD0B0D /* MKAnnotationView+WebCache.m in Sources */ = {isa = PBXBuildFile; fileRef = F570F60E1BD504F300CD0B0D /* MKAnnotationView+WebCache.m */; settings = {ASSET_TAGS = (); }; };
		F570F62F1BD504F300CD0B0D /* NSData+ImageContentType.m in Sources */ = {isa = PBXBuildFile; fileRef = F570F6101BD504F300CD0B0D /* NSData+ImageContentType.m */; settings = {ASSET_TAGS = (); }; };
		F570F6301BD504F300CD0B0D /* SDImageCache.m in Sources */ = {isa = PBXBuildFile; fileRef = F570F6121BD504F300CD0B0D /* SDImageCache.m */; settings = {ASSET_TAGS = (); }; };
		F570F6311BD504F300CD0B0D /* SDWebImageCompat.m in Sources */ = {isa = PBXBuildFile; fileRef = F570F6141BD504F300CD0B0D /* SDWebImageCompat.m */; settings = {ASSET_TAGS = (); }; };
		F570F6321BD504F300CD0B0D /* SDWebImageDecoder.m in Sources */ = {isa = PBXBuildFile; fileRef = F570F6161BD504F300CD0B0D /* SDWebImageDecoder.m */; settings = {ASSET_TAGS = (); }; };
		F570F6331BD504F300CD0B0D /* SDWebImageDownloader.m in Sources */ = {isa = PBXBuildFile; fileRef = F570F6181BD504F300CD0B0D /* SDWebImageDownloader.m */; settings = {ASSET_TAGS = (); }; };
		F570F6341BD504F300CD0B0D /* SDWebImageDownloaderOperation.m in Sources */ = {isa = PBXBuildFile; fileRef = F570F61A1BD504F300CD0B0D /* SDWebImageDownloaderOperation.m */; settings = {ASSET_TAGS = (); }; };
		F570F6351BD504F300CD0B0D /* SDWebImageManager.m in Sources */ = {isa = PBXBuildFile; fileRef = F570F61C1BD504F300CD0B0D /* SDWebImageManager.m */; settings = {ASSET_TAGS = (); }; };
		F570F6361BD504F300CD0B0D /* SDWebImagePrefetcher.m in Sources */ = {isa = PBXBuildFile; fileRef = F570F61F1BD504F300CD0B0D /* SDWebImagePrefetcher.m */; settings = {ASSET_TAGS = (); }; };
		F570F6371BD504F300CD0B0D /* UIButton+WebCache.m in Sources */ = {isa = PBXBuildFile; fileRef = F570F6211BD504F300CD0B0D /* UIButton+WebCache.m */; settings = {ASSET_TAGS = (); }; };
		F570F6381BD504F300CD0B0D /* UIImage+GIF.m in Sources */ = {isa = PBXBuildFile; fileRef = F570F6231BD504F300CD0B0D /* UIImage+GIF.m */; settings = {ASSET_TAGS = (); }; };
		F570F6391BD504F300CD0B0D /* UIImage+MultiFormat.m in Sources */ = {isa = PBXBuildFile; fileRef = F570F6251BD504F300CD0B0D /* UIImage+MultiFormat.m */; settings = {ASSET_TAGS = (); }; };
		F570F63A1BD504F300CD0B0D /* UIImage+WebP.m in Sources */ = {isa = PBXBuildFile; fileRef = F570F6271BD504F300CD0B0D /* UIImage+WebP.m */; settings = {ASSET_TAGS = (); }; };
		F570F63B1BD504F300CD0B0D /* UIImageView+HighlightedWebCache.m in Sources */ = {isa = PBXBuildFile; fileRef = F570F6291BD504F300CD0B0D /* UIImageView+HighlightedWebCache.m */; settings = {ASSET_TAGS = (); }; };
		F570F63C1BD504F300CD0B0D /* UIImageView+WebCache.m in Sources */ = {isa = PBXBuildFile; fileRef = F570F62B1BD504F300CD0B0D /* UIImageView+WebCache.m */; settings = {ASSET_TAGS = (); }; };
		F570F63D1BD504F300CD0B0D /* UIView+WebCacheOperation.m in Sources */ = {isa = PBXBuildFile; fileRef = F570F62D1BD504F300CD0B0D /* UIView+WebCacheOperation.m */; settings = {ASSET_TAGS = (); }; };
		F570F6401BD5051100CD0B0D /* UIColor+Extension.m in Sources */ = {isa = PBXBuildFile; fileRef = F570F63F1BD5051100CD0B0D /* UIColor+Extension.m */; settings = {ASSET_TAGS = (); }; };
		F570F6421BD5059E00CD0B0D /* JPTeacherCell.xib in Resources */ = {isa = PBXBuildFile; fileRef = F570F6411BD5059E00CD0B0D /* JPTeacherCell.xib */; settings = {ASSET_TAGS = (); }; };
		F570F6451BD506DC00CD0B0D /* choice_select_icon@2x.png in Resources */ = {isa = PBXBuildFile; fileRef = F570F6431BD506DC00CD0B0D /* choice_select_icon@2x.png */; settings = {ASSET_TAGS = (); }; };
		F570F6461BD506DC00CD0B0D /* choice_select_icon@3x.png in Resources */ = {isa = PBXBuildFile; fileRef = F570F6441BD506DC00CD0B0D /* choice_select_icon@3x.png */; settings = {ASSET_TAGS = (); }; };
		F570F6481BD5087700CD0B0D /* teacherList1.plist in Resources */ = {isa = PBXBuildFile; fileRef = F570F6471BD5087700CD0B0D /* teacherList1.plist */; settings = {ASSET_TAGS = (); }; };
/* End PBXBuildFile section */

/* Begin PBXContainerItemProxy section */
		F570F5CB1BD4FF9F00CD0B0D /* PBXContainerItemProxy */ = {
			isa = PBXContainerItemProxy;
			containerPortal = F570F5A91BD4FF9E00CD0B0D /* Project object */;
			proxyType = 1;
			remoteGlobalIDString = F570F5B01BD4FF9E00CD0B0D;
			remoteInfo = twoTableView;
		};
		F570F5D61BD4FF9F00CD0B0D /* PBXContainerItemProxy */ = {
			isa = PBXContainerItemProxy;
			containerPortal = F570F5A91BD4FF9E00CD0B0D /* Project object */;
			proxyType = 1;
			remoteGlobalIDString = F570F5B01BD4FF9E00CD0B0D;
			remoteInfo = twoTableView;
		};
/* End PBXContainerItemProxy section */

/* Begin PBXFileReference section */
		F570F5B11BD4FF9E00CD0B0D /* twoTableView.app */ = {isa = PBXFileReference; explicitFileType = wrapper.application; includeInIndex = 0; path = twoTableView.app; sourceTree = BUILT_PRODUCTS_DIR; };
		F570F5B51BD4FF9E00CD0B0D /* main.m */ = {isa = PBXFileReference; lastKnownFileType = sourcecode.c.objc; path = main.m; sourceTree = "<group>"; };
		F570F5B71BD4FF9E00CD0B0D /* AppDelegate.h */ = {isa = PBXFileReference; lastKnownFileType = sourcecode.c.h; path = AppDelegate.h; sourceTree = "<group>"; };
		F570F5B81BD4FF9E00CD0B0D /* AppDelegate.m */ = {isa = PBXFileReference; lastKnownFileType = sourcecode.c.objc; path = AppDelegate.m; sourceTree = "<group>"; };
		F570F5BA1BD4FF9E00CD0B0D /* ViewController.h */ = {isa = PBXFileReference; lastKnownFileType = sourcecode.c.h; name = ViewController.h; path = ../ViewController.h; sourceTree = "<group>"; };
		F570F5BB1BD4FF9E00CD0B0D /* ViewController.m */ = {isa = PBXFileReference; lastKnownFileType = sourcecode.c.objc; name = ViewController.m; path = ../ViewController.m; sourceTree = "<group>"; };
		F570F5BE1BD4FF9E00CD0B0D /* Base */ = {isa = PBXFileReference; lastKnownFileType = file.storyboard; name = Base; path = Base.lproj/Main.storyboard; sourceTree = "<group>"; };
		F570F5C01BD4FF9E00CD0B0D /* Assets.xcassets */ = {isa = PBXFileReference; lastKnownFileType = folder.assetcatalog; path = Assets.xcassets; sourceTree = "<group>"; };
		F570F5C31BD4FF9E00CD0B0D /* Base */ = {isa = PBXFileReference; lastKnownFileType = file.storyboard; name = Base; path = Base.lproj/LaunchScreen.storyboard; sourceTree = "<group>"; };
		F570F5C51BD4FF9E00CD0B0D /* Info.plist */ = {isa = PBXFileReference; lastKnownFileType = text.plist.xml; path = Info.plist; sourceTree = "<group>"; };
		F570F5CA1BD4FF9F00CD0B0D /* twoTableViewTests.xctest */ = {isa = PBXFileReference; explicitFileType = wrapper.cfbundle; includeInIndex = 0; path = twoTableViewTests.xctest; sourceTree = BUILT_PRODUCTS_DIR; };
		F570F5CE1BD4FF9F00CD0B0D /* twoTableViewTests.m */ = {isa = PBXFileReference; lastKnownFileType = sourcecode.c.objc; path = twoTableViewTests.m; sourceTree = "<group>"; };
		F570F5D01BD4FF9F00CD0B0D /* Info.plist */ = {isa = PBXFileReference; lastKnownFileType = text.plist.xml; path = Info.plist; sourceTree = "<group>"; };
		F570F5D51BD4FF9F00CD0B0D /* twoTableViewUITests.xctest */ = {isa = PBXFileReference; explicitFileType = wrapper.cfbundle; includeInIndex = 0; path = twoTableViewUITests.xctest; sourceTree = BUILT_PRODUCTS_DIR; };
		F570F5D91BD4FF9F00CD0B0D /* twoTableViewUITests.m */ = {isa = PBXFileReference; lastKnownFileType = sourcecode.c.objc; path = twoTableViewUITests.m; sourceTree = "<group>"; };
		F570F5DB1BD4FF9F00CD0B0D /* Info.plist */ = {isa = PBXFileReference; lastKnownFileType = text.plist.xml; path = Info.plist; sourceTree = "<group>"; };
		F570F5E71BD500E800CD0B0D /* UIView+XL.h */ = {isa = PBXFileReference; fileEncoding = 4; lastKnownFileType = sourcecode.c.h; name = "UIView+XL.h"; path = "../UIView+XL.h"; sourceTree = "<group>"; };
		F570F5E81BD500E800CD0B0D /* UIView+XL.m */ = {isa = PBXFileReference; fileEncoding = 4; lastKnownFileType = sourcecode.c.objc; name = "UIView+XL.m"; path = "../UIView+XL.m"; sourceTree = "<group>"; };
		F570F5EA1BD502A200CD0B0D /* JPTeacherList.h */ = {isa = PBXFileReference; fileEncoding = 4; lastKnownFileType = sourcecode.c.h; name = JPTeacherList.h; path = ../JPTeacherList.h; sourceTree = "<group>"; };
		F570F5EB1BD502A200CD0B0D /* JPTeacherList.m */ = {isa = PBXFileReference; fileEncoding = 4; lastKnownFileType = sourcecode.c.objc; name = JPTeacherList.m; path = ../JPTeacherList.m; sourceTree = "<group>"; };
		F570F5EE1BD502CD00CD0B0D /* MJConst.h */ = {isa = PBXFileReference; fileEncoding = 4; lastKnownFileType = sourcecode.c.h; path = MJConst.h; sourceTree = "<group>"; };
		F570F5EF1BD502CD00CD0B0D /* MJConst.m */ = {isa = PBXFileReference; fileEncoding = 4; lastKnownFileType = sourcecode.c.objc; path = MJConst.m; sourceTree = "<group>"; };
		F570F5F01BD502CD00CD0B0D /* MJExtension.h */ = {isa = PBXFileReference; fileEncoding = 4; lastKnownFileType = sourcecode.c.h; path = MJExtension.h; sourceTree = "<group>"; };
		F570F5F11BD502CD00CD0B0D /* MJFoundation.h */ = {isa = PBXFileReference; fileEncoding = 4; lastKnownFileType = sourcecode.c.h; path = MJFoundation.h; sourceTree = "<group>"; };
		F570F5F21BD502CD00CD0B0D /* MJFoundation.m */ = {isa = PBXFileReference; fileEncoding = 4; lastKnownFileType = sourcecode.c.objc; path = MJFoundation.m; sourceTree = "<group>"; };
		F570F5F31BD502CD00CD0B0D /* MJProperty.h */ = {isa = PBXFileReference; fileEncoding = 4; lastKnownFileType = sourcecode.c.h; path = MJProperty.h; sourceTree = "<group>"; };
		F570F5F41BD502CD00CD0B0D /* MJProperty.m */ = {isa = PBXFileReference; fileEncoding = 4; lastKnownFileType = sourcecode.c.objc; path = MJProperty.m; sourceTree = "<group>"; };
		F570F5F51BD502CD00CD0B0D /* MJType.h */ = {isa = PBXFileReference; fileEncoding = 4; lastKnownFileType = sourcecode.c.h; path = MJType.h; sourceTree = "<group>"; };
		F570F5F61BD502CD00CD0B0D /* MJType.m */ = {isa = PBXFileReference; fileEncoding = 4; lastKnownFileType = sourcecode.c.objc; path = MJType.m; sourceTree = "<group>"; };
		F570F5F71BD502CD00CD0B0D /* NSObject+MJCoding.h */ = {isa = PBXFileReference; fileEncoding = 4; lastKnownFileType = sourcecode.c.h; path = "NSObject+MJCoding.h"; sourceTree = "<group>"; };
		F570F5F81BD502CD00CD0B0D /* NSObject+MJCoding.m */ = {isa = PBXFileReference; fileEncoding = 4; lastKnownFileType = sourcecode.c.objc; path = "NSObject+MJCoding.m"; sourceTree = "<group>"; };
		F570F5F91BD502CD00CD0B0D /* NSObject+MJKeyValue.h */ = {isa = PBXFileReference; fileEncoding = 4; lastKnownFileType = sourcecode.c.h; path = "NSObject+MJKeyValue.h"; sourceTree = "<group>"; };
		F570F5FA1BD502CD00CD0B0D /* NSObject+MJKeyValue.m */ = {isa = PBXFileReference; fileEncoding = 4; lastKnownFileType = sourcecode.c.objc; path = "NSObject+MJKeyValue.m"; sourceTree = "<group>"; };
		F570F5FB1BD502CD00CD0B0D /* NSObject+MJProperty.h */ = {isa = PBXFileReference; fileEncoding = 4; lastKnownFileType = sourcecode.c.h; path = "NSObject+MJProperty.h"; sourceTree = "<group>"; };
		F570F5FC1BD502CD00CD0B0D /* NSObject+MJProperty.m */ = {isa = PBXFileReference; fileEncoding = 4; lastKnownFileType = sourcecode.c.objc; path = "NSObject+MJProperty.m"; sourceTree = "<group>"; };
		F570F5FD1BD502CD00CD0B0D /* NSString+MJExtension.h */ = {isa = PBXFileReference; fileEncoding = 4; lastKnownFileType = sourcecode.c.h; path = "NSString+MJExtension.h"; sourceTree = "<group>"; };
		F570F5FE1BD502CD00CD0B0D /* NSString+MJExtension.m */ = {isa = PBXFileReference; fileEncoding = 4; lastKnownFileType = sourcecode.c.objc; path = "NSString+MJExtension.m"; sourceTree = "<group>"; };
		F570F6071BD5038800CD0B0D /* teacherList.plist */ = {isa = PBXFileReference; fileEncoding = 4; lastKnownFileType = text.plist.xml; path = teacherList.plist; sourceTree = "<group>"; };
		F570F6091BD503C200CD0B0D /* JPTeacherCell.m */ = {isa = PBXFileReference; fileEncoding = 4; lastKnownFileType = sourcecode.c.objc; name = JPTeacherCell.m; path = ../JPTeacherCell.m; sourceTree = "<group>"; };
		F570F60A1BD503C200CD0B0D /* JPTeacherCell.h */ = {isa = PBXFileReference; fileEncoding = 4; lastKnownFileType = sourcecode.c.h; name = JPTeacherCell.h; path = ../JPTeacherCell.h; sourceTree = "<group>"; };
		F570F60D1BD504F300CD0B0D /* MKAnnotationView+WebCache.h */ = {isa = PBXFileReference; fileEncoding = 4; lastKnownFileType = sourcecode.c.h; path = "MKAnnotationView+WebCache.h"; sourceTree = "<group>"; };
		F570F60E1BD504F300CD0B0D /* MKAnnotationView+WebCache.m */ = {isa = PBXFileReference; fileEncoding = 4; lastKnownFileType = sourcecode.c.objc; path = "MKAnnotationView+WebCache.m"; sourceTree = "<group>"; };
		F570F60F1BD504F300CD0B0D /* NSData+ImageContentType.h */ = {isa = PBXFileReference; fileEncoding = 4; lastKnownFileType = sourcecode.c.h; path = "NSData+ImageContentType.h"; sourceTree = "<group>"; };
		F570F6101BD504F300CD0B0D /* NSData+ImageContentType.m */ = {isa = PBXFileReference; fileEncoding = 4; lastKnownFileType = sourcecode.c.objc; path = "NSData+ImageContentType.m"; sourceTree = "<group>"; };
		F570F6111BD504F300CD0B0D /* SDImageCache.h */ = {isa = PBXFileReference; fileEncoding = 4; lastKnownFileType = sourcecode.c.h; path = SDImageCache.h; sourceTree = "<group>"; };
		F570F6121BD504F300CD0B0D /* SDImageCache.m */ = {isa = PBXFileReference; fileEncoding = 4; lastKnownFileType = sourcecode.c.objc; path = SDImageCache.m; sourceTree = "<group>"; };
		F570F6131BD504F300CD0B0D /* SDWebImageCompat.h */ = {isa = PBXFileReference; fileEncoding = 4; lastKnownFileType = sourcecode.c.h; path = SDWebImageCompat.h; sourceTree = "<group>"; };
		F570F6141BD504F300CD0B0D /* SDWebImageCompat.m */ = {isa = PBXFileReference; fileEncoding = 4; lastKnownFileType = sourcecode.c.objc; path = SDWebImageCompat.m; sourceTree = "<group>"; };
		F570F6151BD504F300CD0B0D /* SDWebImageDecoder.h */ = {isa = PBXFileReference; fileEncoding = 4; lastKnownFileType = sourcecode.c.h; path = SDWebImageDecoder.h; sourceTree = "<group>"; };
		F570F6161BD504F300CD0B0D /* SDWebImageDecoder.m */ = {isa = PBXFileReference; fileEncoding = 4; lastKnownFileType = sourcecode.c.objc; path = SDWebImageDecoder.m; sourceTree = "<group>"; };
		F570F6171BD504F300CD0B0D /* SDWebImageDownloader.h */ = {isa = PBXFileReference; fileEncoding = 4; lastKnownFileType = sourcecode.c.h; path = SDWebImageDownloader.h; sourceTree = "<group>"; };
		F570F6181BD504F300CD0B0D /* SDWebImageDownloader.m */ = {isa = PBXFileReference; fileEncoding = 4; lastKnownFileType = sourcecode.c.objc; path = SDWebImageDownloader.m; sourceTree = "<group>"; };
		F570F6191BD504F300CD0B0D /* SDWebImageDownloaderOperation.h */ = {isa = PBXFileReference; fileEncoding = 4; lastKnownFileType = sourcecode.c.h; path = SDWebImageDownloaderOperation.h; sourceTree = "<group>"; };
		F570F61A1BD504F300CD0B0D /* SDWebImageDownloaderOperation.m */ = {isa = PBXFileReference; fileEncoding = 4; lastKnownFileType = sourcecode.c.objc; path = SDWebImageDownloaderOperation.m; sourceTree = "<group>"; };
		F570F61B1BD504F300CD0B0D /* SDWebImageManager.h */ = {isa = PBXFileReference; fileEncoding = 4; lastKnownFileType = sourcecode.c.h; path = SDWebImageManager.h; sourceTree = "<group>"; };
		F570F61C1BD504F300CD0B0D /* SDWebImageManager.m */ = {isa = PBXFileReference; fileEncoding = 4; lastKnownFileType = sourcecode.c.objc; path = SDWebImageManager.m; sourceTree = "<group>"; };
		F570F61D1BD504F300CD0B0D /* SDWebImageOperation.h */ = {isa = PBXFileReference; fileEncoding = 4; lastKnownFileType = sourcecode.c.h; path = SDWebImageOperation.h; sourceTree = "<group>"; };
		F570F61E1BD504F300CD0B0D /* SDWebImagePrefetcher.h */ = {isa = PBXFileReference; fileEncoding = 4; lastKnownFileType = sourcecode.c.h; path = SDWebImagePrefetcher.h; sourceTree = "<group>"; };
		F570F61F1BD504F300CD0B0D /* SDWebImagePrefetcher.m */ = {isa = PBXFileReference; fileEncoding = 4; lastKnownFileType = sourcecode.c.objc; path = SDWebImagePrefetcher.m; sourceTree = "<group>"; };
		F570F6201BD504F300CD0B0D /* UIButton+WebCache.h */ = {isa = PBXFileReference; fileEncoding = 4; lastKnownFileType = sourcecode.c.h; path = "UIButton+WebCache.h"; sourceTree = "<group>"; };
		F570F6211BD504F300CD0B0D /* UIButton+WebCache.m */ = {isa = PBXFileReference; fileEncoding = 4; lastKnownFileType = sourcecode.c.objc; path = "UIButton+WebCache.m"; sourceTree = "<group>"; };
		F570F6221BD504F300CD0B0D /* UIImage+GIF.h */ = {isa = PBXFileReference; fileEncoding = 4; lastKnownFileType = sourcecode.c.h; path = "UIImage+GIF.h"; sourceTree = "<group>"; };
		F570F6231BD504F300CD0B0D /* UIImage+GIF.m */ = {isa = PBXFileReference; fileEncoding = 4; lastKnownFileType = sourcecode.c.objc; path = "UIImage+GIF.m"; sourceTree = "<group>"; };
		F570F6241BD504F300CD0B0D /* UIImage+MultiFormat.h */ = {isa = PBXFileReference; fileEncoding = 4; lastKnownFileType = sourcecode.c.h; path = "UIImage+MultiFormat.h"; sourceTree = "<group>"; };
		F570F6251BD504F300CD0B0D /* UIImage+MultiFormat.m */ = {isa = PBXFileReference; fileEncoding = 4; lastKnownFileType = sourcecode.c.objc; path = "UIImage+MultiFormat.m"; sourceTree = "<group>"; };
		F570F6261BD504F300CD0B0D /* UIImage+WebP.h */ = {isa = PBXFileReference; fileEncoding = 4; lastKnownFileType = sourcecode.c.h; path = "UIImage+WebP.h"; sourceTree = "<group>"; };
		F570F6271BD504F300CD0B0D /* UIImage+WebP.m */ = {isa = PBXFileReference; fileEncoding = 4; lastKnownFileType = sourcecode.c.objc; path = "UIImage+WebP.m"; sourceTree = "<group>"; };
		F570F6281BD504F300CD0B0D /* UIImageView+HighlightedWebCache.h */ = {isa = PBXFileReference; fileEncoding = 4; lastKnownFileType = sourcecode.c.h; path = "UIImageView+HighlightedWebCache.h"; sourceTree = "<group>"; };
		F570F6291BD504F300CD0B0D /* UIImageView+HighlightedWebCache.m */ = {isa = PBXFileReference; fileEncoding = 4; lastKnownFileType = sourcecode.c.objc; path = "UIImageView+HighlightedWebCache.m"; sourceTree = "<group>"; };
		F570F62A1BD504F300CD0B0D /* UIImageView+WebCache.h */ = {isa = PBXFileReference; fileEncoding = 4; lastKnownFileType = sourcecode.c.h; path = "UIImageView+WebCache.h"; sourceTree = "<group>"; };
		F570F62B1BD504F300CD0B0D /* UIImageView+WebCache.m */ = {isa = PBXFileReference; fileEncoding = 4; lastKnownFileType = sourcecode.c.objc; path = "UIImageView+WebCache.m"; sourceTree = "<group>"; };
		F570F62C1BD504F300CD0B0D /* UIView+WebCacheOperation.h */ = {isa = PBXFileReference; fileEncoding = 4; lastKnownFileType = sourcecode.c.h; path = "UIView+WebCacheOperation.h"; sourceTree = "<group>"; };
		F570F62D1BD504F300CD0B0D /* UIView+WebCacheOperation.m */ = {isa = PBXFileReference; fileEncoding = 4; lastKnownFileType = sourcecode.c.objc; path = "UIView+WebCacheOperation.m"; sourceTree = "<group>"; };
		F570F63E1BD5051100CD0B0D /* UIColor+Extension.h */ = {isa = PBXFileReference; fileEncoding = 4; lastKnownFileType = sourcecode.c.h; name = "UIColor+Extension.h"; path = "../UIColor+Extension.h"; sourceTree = "<group>"; };
		F570F63F1BD5051100CD0B0D /* UIColor+Extension.m */ = {isa = PBXFileReference; fileEncoding = 4; lastKnownFileType = sourcecode.c.objc; name = "UIColor+Extension.m"; path = "../UIColor+Extension.m"; sourceTree = "<group>"; };
		F570F6411BD5059E00CD0B0D /* JPTeacherCell.xib */ = {isa = PBXFileReference; fileEncoding = 4; lastKnownFileType = file.xib; name = JPTeacherCell.xib; path = ../JPTeacherCell.xib; sourceTree = "<group>"; };
		F570F6431BD506DC00CD0B0D /* choice_select_icon@2x.png */ = {isa = PBXFileReference; lastKnownFileType = image.png; name = "choice_select_icon@2x.png"; path = "../choice_select_icon@2x.png"; sourceTree = "<group>"; };
		F570F6441BD506DC00CD0B0D /* choice_select_icon@3x.png */ = {isa = PBXFileReference; lastKnownFileType = image.png; name = "choice_select_icon@3x.png"; path = "../choice_select_icon@3x.png"; sourceTree = "<group>"; };
		F570F6471BD5087700CD0B0D /* teacherList1.plist */ = {isa = PBXFileReference; fileEncoding = 4; lastKnownFileType = text.plist.xml; path = teacherList1.plist; sourceTree = "<group>"; };
/* End PBXFileReference section */

/* Begin PBXFrameworksBuildPhase section */
		F570F5AE1BD4FF9E00CD0B0D /* Frameworks */ = {
			isa = PBXFrameworksBuildPhase;
			buildActionMask = 2147483647;
			files = (
			);
			runOnlyForDeploymentPostprocessing = 0;
		};
		F570F5C71BD4FF9F00CD0B0D /* Frameworks */ = {
			isa = PBXFrameworksBuildPhase;
			buildActionMask = 2147483647;
			files = (
			);
			runOnlyForDeploymentPostprocessing = 0;
		};
		F570F5D21BD4FF9F00CD0B0D /* Frameworks */ = {
			isa = PBXFrameworksBuildPhase;
			buildActionMask = 2147483647;
			files = (
			);
			runOnlyForDeploymentPostprocessing = 0;
		};
/* End PBXFrameworksBuildPhase section */

/* Begin PBXGroup section */
		F570F5A81BD4FF9E00CD0B0D = {
			isa = PBXGroup;
			children = (
				F570F5B31BD4FF9E00CD0B0D /* twoTableView */,
				F570F5CD1BD4FF9F00CD0B0D /* twoTableViewTests */,
				F570F5D81BD4FF9F00CD0B0D /* twoTableViewUITests */,
				F570F5B21BD4FF9E00CD0B0D /* Products */,
			);
			sourceTree = "<group>";
		};
		F570F5B21BD4FF9E00CD0B0D /* Products */ = {
			isa = PBXGroup;
			children = (
				F570F5B11BD4FF9E00CD0B0D /* twoTableView.app */,
				F570F5CA1BD4FF9F00CD0B0D /* twoTableViewTests.xctest */,
				F570F5D51BD4FF9F00CD0B0D /* twoTableViewUITests.xctest */,
			);
			name = Products;
			sourceTree = "<group>";
		};
		F570F5B31BD4FF9E00CD0B0D /* twoTableView */ = {
			isa = PBXGroup;
			children = (
				F570F64C1BD50B9000CD0B0D /* Other */,
				F570F6491BD50B6B00CD0B0D /* Controller */,
				F570F64A1BD50B6B00CD0B0D /* Model */,
				F570F64B1BD50B6B00CD0B0D /* View */,
				F570F60C1BD504F300CD0B0D /* SDWebImage */,
				F570F5ED1BD502CD00CD0B0D /* MJExtension */,
				F570F5BD1BD4FF9E00CD0B0D /* Main.storyboard */,
				F570F5C01BD4FF9E00CD0B0D /* Assets.xcassets */,
				F570F5C21BD4FF9E00CD0B0D /* LaunchScreen.storyboard */,
				F570F5C51BD4FF9E00CD0B0D /* Info.plist */,
				F570F6471BD5087700CD0B0D /* teacherList1.plist */,
				F570F6071BD5038800CD0B0D /* teacherList.plist */,
				F570F5B71BD4FF9E00CD0B0D /* AppDelegate.h */,
				F570F5B81BD4FF9E00CD0B0D /* AppDelegate.m */,
				F570F5B41BD4FF9E00CD0B0D /* Supporting Files */,
			);
			path = twoTableView;
			sourceTree = "<group>";
		};
		F570F5B41BD4FF9E00CD0B0D /* Supporting Files */ = {
			isa = PBXGroup;
			children = (
				F570F5B51BD4FF9E00CD0B0D /* main.m */,
			);
			name = "Supporting Files";
			sourceTree = "<group>";
		};
		F570F5CD1BD4FF9F00CD0B0D /* twoTableViewTests */ = {
			isa = PBXGroup;
			children = (
				F570F5CE1BD4FF9F00CD0B0D /* twoTableViewTests.m */,
				F570F5D01BD4FF9F00CD0B0D /* Info.plist */,
			);
			path = twoTableViewTests;
			sourceTree = "<group>";
		};
		F570F5D81BD4FF9F00CD0B0D /* twoTableViewUITests */ = {
			isa = PBXGroup;
			children = (
				F570F5D91BD4FF9F00CD0B0D /* twoTableViewUITests.m */,
				F570F5DB1BD4FF9F00CD0B0D /* Info.plist */,
			);
			path = twoTableViewUITests;
			sourceTree = "<group>";
		};
		F570F5ED1BD502CD00CD0B0D /* MJExtension */ = {
			isa = PBXGroup;
			children = (
				F570F5EE1BD502CD00CD0B0D /* MJConst.h */,
				F570F5EF1BD502CD00CD0B0D /* MJConst.m */,
				F570F5F01BD502CD00CD0B0D /* MJExtension.h */,
				F570F5F11BD502CD00CD0B0D /* MJFoundation.h */,
				F570F5F21BD502CD00CD0B0D /* MJFoundation.m */,
				F570F5F31BD502CD00CD0B0D /* MJProperty.h */,
				F570F5F41BD502CD00CD0B0D /* MJProperty.m */,
				F570F5F51BD502CD00CD0B0D /* MJType.h */,
				F570F5F61BD502CD00CD0B0D /* MJType.m */,
				F570F5F71BD502CD00CD0B0D /* NSObject+MJCoding.h */,
				F570F5F81BD502CD00CD0B0D /* NSObject+MJCoding.m */,
				F570F5F91BD502CD00CD0B0D /* NSObject+MJKeyValue.h */,
				F570F5FA1BD502CD00CD0B0D /* NSObject+MJKeyValue.m */,
				F570F5FB1BD502CD00CD0B0D /* NSObject+MJProperty.h */,
				F570F5FC1BD502CD00CD0B0D /* NSObject+MJProperty.m */,
				F570F5FD1BD502CD00CD0B0D /* NSString+MJExtension.h */,
				F570F5FE1BD502CD00CD0B0D /* NSString+MJExtension.m */,
			);
			path = MJExtension;
			sourceTree = "<group>";
		};
		F570F60C1BD504F300CD0B0D /* SDWebImage */ = {
			isa = PBXGroup;
			children = (
				F570F60D1BD504F300CD0B0D /* MKAnnotationView+WebCache.h */,
				F570F60E1BD504F300CD0B0D /* MKAnnotationView+WebCache.m */,
				F570F60F1BD504F300CD0B0D /* NSData+ImageContentType.h */,
				F570F6101BD504F300CD0B0D /* NSData+ImageContentType.m */,
				F570F6111BD504F300CD0B0D /* SDImageCache.h */,
				F570F6121BD504F300CD0B0D /* SDImageCache.m */,
				F570F6131BD504F300CD0B0D /* SDWebImageCompat.h */,
				F570F6141BD504F300CD0B0D /* SDWebImageCompat.m */,
				F570F6151BD504F300CD0B0D /* SDWebImageDecoder.h */,
				F570F6161BD504F300CD0B0D /* SDWebImageDecoder.m */,
				F570F6171BD504F300CD0B0D /* SDWebImageDownloader.h */,
				F570F6181BD504F300CD0B0D /* SDWebImageDownloader.m */,
				F570F6191BD504F300CD0B0D /* SDWebImageDownloaderOperation.h */,
				F570F61A1BD504F300CD0B0D /* SDWebImageDownloaderOperation.m */,
				F570F61B1BD504F300CD0B0D /* SDWebImageManager.h */,
				F570F61C1BD504F300CD0B0D /* SDWebImageManager.m */,
				F570F61D1BD504F300CD0B0D /* SDWebImageOperation.h */,
				F570F61E1BD504F300CD0B0D /* SDWebImagePrefetcher.h */,
				F570F61F1BD504F300CD0B0D /* SDWebImagePrefetcher.m */,
				F570F6201BD504F300CD0B0D /* UIButton+WebCache.h */,
				F570F6211BD504F300CD0B0D /* UIButton+WebCache.m */,
				F570F6221BD504F300CD0B0D /* UIImage+GIF.h */,
				F570F6231BD504F300CD0B0D /* UIImage+GIF.m */,
				F570F6241BD504F300CD0B0D /* UIImage+MultiFormat.h */,
				F570F6251BD504F300CD0B0D /* UIImage+MultiFormat.m */,
				F570F6261BD504F300CD0B0D /* UIImage+WebP.h */,
				F570F6271BD504F300CD0B0D /* UIImage+WebP.m */,
				F570F6281BD504F300CD0B0D /* UIImageView+HighlightedWebCache.h */,
				F570F6291BD504F300CD0B0D /* UIImageView+HighlightedWebCache.m */,
				F570F62A1BD504F300CD0B0D /* UIImageView+WebCache.h */,
				F570F62B1BD504F300CD0B0D /* UIImageView+WebCache.m */,
				F570F62C1BD504F300CD0B0D /* UIView+WebCacheOperation.h */,
				F570F62D1BD504F300CD0B0D /* UIView+WebCacheOperation.m */,
			);
			path = SDWebImage;
			sourceTree = "<group>";
		};
		F570F6491BD50B6B00CD0B0D /* Controller */ = {
			isa = PBXGroup;
			children = (
				F570F5BA1BD4FF9E00CD0B0D /* ViewController.h */,
				F570F5BB1BD4FF9E00CD0B0D /* ViewController.m */,
			);
			path = Controller;
			sourceTree = "<group>";
		};
		F570F64A1BD50B6B00CD0B0D /* Model */ = {
			isa = PBXGroup;
			children = (
				F570F5EA1BD502A200CD0B0D /* JPTeacherList.h */,
				F570F5EB1BD502A200CD0B0D /* JPTeacherList.m */,
			);
			path = Model;
			sourceTree = "<group>";
		};
		F570F64B1BD50B6B00CD0B0D /* View */ = {
			isa = PBXGroup;
			children = (
				F570F6091BD503C200CD0B0D /* JPTeacherCell.m */,
				F570F60A1BD503C200CD0B0D /* JPTeacherCell.h */,
				F570F6411BD5059E00CD0B0D /* JPTeacherCell.xib */,
			);
			path = View;
			sourceTree = "<group>";
		};
		F570F64C1BD50B9000CD0B0D /* Other */ = {
			isa = PBXGroup;
			children = (
				F570F5E71BD500E800CD0B0D /* UIView+XL.h */,
				F570F5E81BD500E800CD0B0D /* UIView+XL.m */,
				F570F63E1BD5051100CD0B0D /* UIColor+Extension.h */,
				F570F63F1BD5051100CD0B0D /* UIColor+Extension.m */,
				F570F6431BD506DC00CD0B0D /* choice_select_icon@2x.png */,
				F570F6441BD506DC00CD0B0D /* choice_select_icon@3x.png */,
			);
			path = Other;
			sourceTree = "<group>";
		};
/* End PBXGroup section */

/* Begin PBXNativeTarget section */
		F570F5B01BD4FF9E00CD0B0D /* twoTableView */ = {
			isa = PBXNativeTarget;
			buildConfigurationList = F570F5DE1BD4FF9F00CD0B0D /* Build configuration list for PBXNativeTarget "twoTableView" */;
			buildPhases = (
				F570F5AD1BD4FF9E00CD0B0D /* Sources */,
				F570F5AE1BD4FF9E00CD0B0D /* Frameworks */,
				F570F5AF1BD4FF9E00CD0B0D /* Resources */,
			);
			buildRules = (
			);
			dependencies = (
			);
			name = twoTableView;
			productName = twoTableView;
			productReference = F570F5B11BD4FF9E00CD0B0D /* twoTableView.app */;
			productType = "com.apple.product-type.application";
		};
		F570F5C91BD4FF9F00CD0B0D /* twoTableViewTests */ = {
			isa = PBXNativeTarget;
			buildConfigurationList = F570F5E11BD4FF9F00CD0B0D /* Build configuration list for PBXNativeTarget "twoTableViewTests" */;
			buildPhases = (
				F570F5C61BD4FF9F00CD0B0D /* Sources */,
				F570F5C71BD4FF9F00CD0B0D /* Frameworks */,
				F570F5C81BD4FF9F00CD0B0D /* Resources */,
			);
			buildRules = (
			);
			dependencies = (
				F570F5CC1BD4FF9F00CD0B0D /* PBXTargetDependency */,
			);
			name = twoTableViewTests;
			productName = twoTableViewTests;
			productReference = F570F5CA1BD4FF9F00CD0B0D /* twoTableViewTests.xctest */;
			productType = "com.apple.product-type.bundle.unit-test";
		};
		F570F5D41BD4FF9F00CD0B0D /* twoTableViewUITests */ = {
			isa = PBXNativeTarget;
			buildConfigurationList = F570F5E41BD4FF9F00CD0B0D /* Build configuration list for PBXNativeTarget "twoTableViewUITests" */;
			buildPhases = (
				F570F5D11BD4FF9F00CD0B0D /* Sources */,
				F570F5D21BD4FF9F00CD0B0D /* Frameworks */,
				F570F5D31BD4FF9F00CD0B0D /* Resources */,
			);
			buildRules = (
			);
			dependencies = (
				F570F5D71BD4FF9F00CD0B0D /* PBXTargetDependency */,
			);
			name = twoTableViewUITests;
			productName = twoTableViewUITests;
			productReference = F570F5D51BD4FF9F00CD0B0D /* twoTableViewUITests.xctest */;
			productType = "com.apple.product-type.bundle.ui-testing";
		};
/* End PBXNativeTarget section */

/* Begin PBXProject section */
		F570F5A91BD4FF9E00CD0B0D /* Project object */ = {
			isa = PBXProject;
			attributes = {
				LastUpgradeCheck = 0700;
				ORGANIZATIONNAME = dong;
				TargetAttributes = {
					F570F5B01BD4FF9E00CD0B0D = {
						CreatedOnToolsVersion = 7.0.1;
						DevelopmentTeam = WWMAD767K4;
					};
					F570F5C91BD4FF9F00CD0B0D = {
						CreatedOnToolsVersion = 7.0.1;
						DevelopmentTeam = WWMAD767K4;
						TestTargetID = F570F5B01BD4FF9E00CD0B0D;
					};
					F570F5D41BD4FF9F00CD0B0D = {
						CreatedOnToolsVersion = 7.0.1;
						DevelopmentTeam = WWMAD767K4;
						TestTargetID = F570F5B01BD4FF9E00CD0B0D;
					};
				};
			};
			buildConfigurationList = F570F5AC1BD4FF9E00CD0B0D /* Build configuration list for PBXProject "twoTableView" */;
			compatibilityVersion = "Xcode 3.2";
			developmentRegion = English;
			hasScannedForEncodings = 0;
			knownRegions = (
				en,
				Base,
			);
			mainGroup = F570F5A81BD4FF9E00CD0B0D;
			productRefGroup = F570F5B21BD4FF9E00CD0B0D /* Products */;
			projectDirPath = "";
			projectRoot = "";
			targets = (
				F570F5B01BD4FF9E00CD0B0D /* twoTableView */,
				F570F5C91BD4FF9F00CD0B0D /* twoTableViewTests */,
				F570F5D41BD4FF9F00CD0B0D /* twoTableViewUITests */,
			);
		};
/* End PBXProject section */

/* Begin PBXResourcesBuildPhase section */
		F570F5AF1BD4FF9E00CD0B0D /* Resources */ = {
			isa = PBXResourcesBuildPhase;
			buildActionMask = 2147483647;
			files = (
				F570F6451BD506DC00CD0B0D /* choice_select_icon@2x.png in Resources */,
				F570F6461BD506DC00CD0B0D /* choice_select_icon@3x.png in Resources */,
				F570F5C41BD4FF9E00CD0B0D /* LaunchScreen.storyboard in Resources */,
				F570F5C11BD4FF9E00CD0B0D /* Assets.xcassets in Resources */,
				F570F5BF1BD4FF9E00CD0B0D /* Main.storyboard in Resources */,
				F570F6481BD5087700CD0B0D /* teacherList1.plist in Resources */,
				F570F6421BD5059E00CD0B0D /* JPTeacherCell.xib in Resources */,
				F570F6081BD5038800CD0B0D /* teacherList.plist in Resources */,
			);
			runOnlyForDeploymentPostprocessing = 0;
		};
		F570F5C81BD4FF9F00CD0B0D /* Resources */ = {
			isa = PBXResourcesBuildPhase;
			buildActionMask = 2147483647;
			files = (
			);
			runOnlyForDeploymentPostprocessing = 0;
		};
		F570F5D31BD4FF9F00CD0B0D /* Resources */ = {
			isa = PBXResourcesBuildPhase;
			buildActionMask = 2147483647;
			files = (
			);
			runOnlyForDeploymentPostprocessing = 0;
		};
/* End PBXResourcesBuildPhase section */

/* Begin PBXSourcesBuildPhase section */
		F570F5AD1BD4FF9E00CD0B0D /* Sources */ = {
			isa = PBXSourcesBuildPhase;
			buildActionMask = 2147483647;
			files = (
				F570F6391BD504F300CD0B0D /* UIImage+MultiFormat.m in Sources */,
				F570F63A1BD504F300CD0B0D /* UIImage+WebP.m in Sources */,
				F570F60B1BD503C200CD0B0D /* JPTeacherCell.m in Sources */,
				F570F6351BD504F300CD0B0D /* SDWebImageManager.m in Sources */,
				F570F5BC1BD4FF9E00CD0B0D /* ViewController.m in Sources */,
				F570F6021BD502CD00CD0B0D /* MJType.m in Sources */,
				F570F6001BD502CD00CD0B0D /* MJFoundation.m in Sources */,
				F570F6331BD504F300CD0B0D /* SDWebImageDownloader.m in Sources */,
				F570F5B91BD4FF9E00CD0B0D /* AppDelegate.m in Sources */,
				F570F6041BD502CD00CD0B0D /* NSObject+MJKeyValue.m in Sources */,
				F570F6031BD502CD00CD0B0D /* NSObject+MJCoding.m in Sources */,
				F570F6061BD502CD00CD0B0D /* NSString+MJExtension.m in Sources */,
				F570F62E1BD504F300CD0B0D /* MKAnnotationView+WebCache.m in Sources */,
				F570F6011BD502CD00CD0B0D /* MJProperty.m in Sources */,
				F570F62F1BD504F300CD0B0D /* NSData+ImageContentType.m in Sources */,
				F570F6381BD504F300CD0B0D /* UIImage+GIF.m in Sources */,
				F570F6371BD504F300CD0B0D /* UIButton+WebCache.m in Sources */,
				F570F6051BD502CD00CD0B0D /* NSObject+MJProperty.m in Sources */,
				F570F6361BD504F300CD0B0D /* SDWebImagePrefetcher.m in Sources */,
				F570F6321BD504F300CD0B0D /* SDWebImageDecoder.m in Sources */,
				F570F6301BD504F300CD0B0D /* SDImageCache.m in Sources */,
				F570F6311BD504F300CD0B0D /* SDWebImageCompat.m in Sources */,
				F570F6401BD5051100CD0B0D /* UIColor+Extension.m in Sources */,
				F570F63D1BD504F300CD0B0D /* UIView+WebCacheOperation.m in Sources */,
				F570F5EC1BD502A200CD0B0D /* JPTeacherList.m in Sources */,
				F570F5E91BD500E800CD0B0D /* UIView+XL.m in Sources */,
				F570F6341BD504F300CD0B0D /* SDWebImageDownloaderOperation.m in Sources */,
				F570F5FF1BD502CD00CD0B0D /* MJConst.m in Sources */,
				F570F63C1BD504F300CD0B0D /* UIImageView+WebCache.m in Sources */,
				F570F63B1BD504F300CD0B0D /* UIImageView+HighlightedWebCache.m in Sources */,
				F570F5B61BD4FF9E00CD0B0D /* main.m in Sources */,
			);
			runOnlyForDeploymentPostprocessing = 0;
		};
		F570F5C61BD4FF9F00CD0B0D /* Sources */ = {
			isa = PBXSourcesBuildPhase;
			buildActionMask = 2147483647;
			files = (
				F570F5CF1BD4FF9F00CD0B0D /* twoTableViewTests.m in Sources */,
			);
			runOnlyForDeploymentPostprocessing = 0;
		};
		F570F5D11BD4FF9F00CD0B0D /* Sources */ = {
			isa = PBXSourcesBuildPhase;
			buildActionMask = 2147483647;
			files = (
				F570F5DA1BD4FF9F00CD0B0D /* twoTableViewUITests.m in Sources */,
			);
			runOnlyForDeploymentPostprocessing = 0;
		};
/* End PBXSourcesBuildPhase section */

/* Begin PBXTargetDependency section */
		F570F5CC1BD4FF9F00CD0B0D /* PBXTargetDependency */ = {
			isa = PBXTargetDependency;
			target = F570F5B01BD4FF9E00CD0B0D /* twoTableView */;
			targetProxy = F570F5CB1BD4FF9F00CD0B0D /* PBXContainerItemProxy */;
		};
		F570F5D71BD4FF9F00CD0B0D /* PBXTargetDependency */ = {
			isa = PBXTargetDependency;
			target = F570F5B01BD4FF9E00CD0B0D /* twoTableView */;
			targetProxy = F570F5D61BD4FF9F00CD0B0D /* PBXContainerItemProxy */;
		};
/* End PBXTargetDependency section */

/* Begin PBXVariantGroup section */
		F570F5BD1BD4FF9E00CD0B0D /* Main.storyboard */ = {
			isa = PBXVariantGroup;
			children = (
				F570F5BE1BD4FF9E00CD0B0D /* Base */,
			);
			name = Main.storyboard;
			sourceTree = "<group>";
		};
		F570F5C21BD4FF9E00CD0B0D /* LaunchScreen.storyboard */ = {
			isa = PBXVariantGroup;
			children = (
				F570F5C31BD4FF9E00CD0B0D /* Base */,
			);
			name = LaunchScreen.storyboard;
			sourceTree = "<group>";
		};
/* End PBXVariantGroup section */

/* Begin XCBuildConfiguration section */
		F570F5DC1BD4FF9F00CD0B0D /* Debug */ = {
			isa = XCBuildConfiguration;
			buildSettings = {
				ALWAYS_SEARCH_USER_PATHS = NO;
				CLANG_CXX_LANGUAGE_STANDARD = "gnu++0x";
				CLANG_CXX_LIBRARY = "libc++";
				CLANG_ENABLE_MODULES = YES;
				CLANG_ENABLE_OBJC_ARC = YES;
				CLANG_WARN_BOOL_CONVERSION = YES;
				CLANG_WARN_CONSTANT_CONVERSION = YES;
				CLANG_WARN_DIRECT_OBJC_ISA_USAGE = YES_ERROR;
				CLANG_WARN_EMPTY_BODY = YES;
				CLANG_WARN_ENUM_CONVERSION = YES;
				CLANG_WARN_INT_CONVERSION = YES;
				CLANG_WARN_OBJC_ROOT_CLASS = YES_ERROR;
				CLANG_WARN_UNREACHABLE_CODE = YES;
				CLANG_WARN__DUPLICATE_METHOD_MATCH = YES;
				"CODE_SIGN_IDENTITY[sdk=iphoneos*]" = "iPhone Developer";
				COPY_PHASE_STRIP = NO;
				DEBUG_INFORMATION_FORMAT = dwarf;
				ENABLE_STRICT_OBJC_MSGSEND = YES;
				ENABLE_TESTABILITY = YES;
				GCC_C_LANGUAGE_STANDARD = gnu99;
				GCC_DYNAMIC_NO_PIC = NO;
				GCC_NO_COMMON_BLOCKS = YES;
				GCC_OPTIMIZATION_LEVEL = 0;
				GCC_PREPROCESSOR_DEFINITIONS = (
					"DEBUG=1",
					"$(inherited)",
				);
				GCC_WARN_64_TO_32_BIT_CONVERSION = YES;
				GCC_WARN_ABOUT_RETURN_TYPE = YES_ERROR;
				GCC_WARN_UNDECLARED_SELECTOR = YES;
				GCC_WARN_UNINITIALIZED_AUTOS = YES_AGGRESSIVE;
				GCC_WARN_UNUSED_FUNCTION = YES;
				GCC_WARN_UNUSED_VARIABLE = YES;
				IPHONEOS_DEPLOYMENT_TARGET = 9.0;
				MTL_ENABLE_DEBUG_INFO = YES;
				ONLY_ACTIVE_ARCH = YES;
				SDKROOT = iphoneos;
			};
			name = Debug;
		};
		F570F5DD1BD4FF9F00CD0B0D /* Release */ = {
			isa = XCBuildConfiguration;
			buildSettings = {
				ALWAYS_SEARCH_USER_PATHS = NO;
				CLANG_CXX_LANGUAGE_STANDARD = "gnu++0x";
				CLANG_CXX_LIBRARY = "libc++";
				CLANG_ENABLE_MODULES = YES;
				CLANG_ENABLE_OBJC_ARC = YES;
				CLANG_WARN_BOOL_CONVERSION = YES;
				CLANG_WARN_CONSTANT_CONVERSION = YES;
				CLANG_WARN_DIRECT_OBJC_ISA_USAGE = YES_ERROR;
				CLANG_WARN_EMPTY_BODY = YES;
				CLANG_WARN_ENUM_CONVERSION = YES;
				CLANG_WARN_INT_CONVERSION = YES;
				CLANG_WARN_OBJC_ROOT_CLASS = YES_ERROR;
				CLANG_WARN_UNREACHABLE_CODE = YES;
				CLANG_WARN__DUPLICATE_METHOD_MATCH = YES;
				"CODE_SIGN_IDENTITY[sdk=iphoneos*]" = "iPhone Developer";
				COPY_PHASE_STRIP = NO;
				DEBUG_INFORMATION_FORMAT = "dwarf-with-dsym";
				ENABLE_NS_ASSERTIONS = NO;
				ENABLE_STRICT_OBJC_MSGSEND = YES;
				GCC_C_LANGUAGE_STANDARD = gnu99;
				GCC_NO_COMMON_BLOCKS = YES;
				GCC_WARN_64_TO_32_BIT_CONVERSION = YES;
				GCC_WARN_ABOUT_RETURN_TYPE = YES_ERROR;
				GCC_WARN_UNDECLARED_SELECTOR = YES;
				GCC_WARN_UNINITIALIZED_AUTOS = YES_AGGRESSIVE;
				GCC_WARN_UNUSED_FUNCTION = YES;
				GCC_WARN_UNUSED_VARIABLE = YES;
				IPHONEOS_DEPLOYMENT_TARGET = 9.0;
				MTL_ENABLE_DEBUG_INFO = NO;
				SDKROOT = iphoneos;
				VALIDATE_PRODUCT = YES;
			};
			name = Release;
		};
		F570F5DF1BD4FF9F00CD0B0D /* Debug */ = {
			isa = XCBuildConfiguration;
			buildSettings = {
				ASSETCATALOG_COMPILER_APPICON_NAME = AppIcon;
				INFOPLIST_FILE = twoTableView/Info.plist;
				LD_RUNPATH_SEARCH_PATHS = "$(inherited) @executable_path/Frameworks";
				PRODUCT_BUNDLE_IDENTIFIER = cn.djp.twoTableView;
				PRODUCT_NAME = "$(TARGET_NAME)";
			};
			name = Debug;
		};
		F570F5E01BD4FF9F00CD0B0D /* Release */ = {
			isa = XCBuildConfiguration;
			buildSettings = {
				ASSETCATALOG_COMPILER_APPICON_NAME = AppIcon;
				INFOPLIST_FILE = twoTableView/Info.plist;
				LD_RUNPATH_SEARCH_PATHS = "$(inherited) @executable_path/Frameworks";
				PRODUCT_BUNDLE_IDENTIFIER = cn.djp.twoTableView;
				PRODUCT_NAME = "$(TARGET_NAME)";
			};
			name = Release;
		};
		F570F5E21BD4FF9F00CD0B0D /* Debug */ = {
			isa = XCBuildConfiguration;
			buildSettings = {
				BUNDLE_LOADER = "$(TEST_HOST)";
				INFOPLIST_FILE = twoTableViewTests/Info.plist;
				LD_RUNPATH_SEARCH_PATHS = "$(inherited) @executable_path/Frameworks @loader_path/Frameworks";
				PRODUCT_BUNDLE_IDENTIFIER = cn.djp.twoTableViewTests;
				PRODUCT_NAME = "$(TARGET_NAME)";
				TEST_HOST = "$(BUILT_PRODUCTS_DIR)/twoTableView.app/twoTableView";
			};
			name = Debug;
		};
		F570F5E31BD4FF9F00CD0B0D /* Release */ = {
			isa = XCBuildConfiguration;
			buildSettings = {
				BUNDLE_LOADER = "$(TEST_HOST)";
				INFOPLIST_FILE = twoTableViewTests/Info.plist;
				LD_RUNPATH_SEARCH_PATHS = "$(inherited) @executable_path/Frameworks @loader_path/Frameworks";
				PRODUCT_BUNDLE_IDENTIFIER = cn.djp.twoTableViewTests;
				PRODUCT_NAME = "$(TARGET_NAME)";
				TEST_HOST = "$(BUILT_PRODUCTS_DIR)/twoTableView.app/twoTableView";
			};
			name = Release;
		};
		F570F5E51BD4FF9F00CD0B0D /* Debug */ = {
			isa = XCBuildConfiguration;
			buildSettings = {
				INFOPLIST_FILE = twoTableViewUITests/Info.plist;
				LD_RUNPATH_SEARCH_PATHS = "$(inherited) @executable_path/Frameworks @loader_path/Frameworks";
				PRODUCT_BUNDLE_IDENTIFIER = cn.djp.twoTableViewUITests;
				PRODUCT_NAME = "$(TARGET_NAME)";
				TEST_TARGET_NAME = twoTableView;
				USES_XCTRUNNER = YES;
			};
			name = Debug;
		};
		F570F5E61BD4FF9F00CD0B0D /* Release */ = {
			isa = XCBuildConfiguration;
			buildSettings = {
				INFOPLIST_FILE = twoTableViewUITests/Info.plist;
				LD_RUNPATH_SEARCH_PATHS = "$(inherited) @executable_path/Frameworks @loader_path/Frameworks";
				PRODUCT_BUNDLE_IDENTIFIER = cn.djp.twoTableViewUITests;
				PRODUCT_NAME = "$(TARGET_NAME)";
				TEST_TARGET_NAME = twoTableView;
				USES_XCTRUNNER = YES;
			};
			name = Release;
		};
/* End XCBuildConfiguration section */

/* Begin XCConfigurationList section */
		F570F5AC1BD4FF9E00CD0B0D /* Build configuration list for PBXProject "twoTableView" */ = {
			isa = XCConfigurationList;
			buildConfigurations = (
				F570F5DC1BD4FF9F00CD0B0D /* Debug */,
				F570F5DD1BD4FF9F00CD0B0D /* Release */,
			);
			defaultConfigurationIsVisible = 0;
			defaultConfigurationName = Release;
		};
		F570F5DE1BD4FF9F00CD0B0D /* Build configuration list for PBXNativeTarget "twoTableView" */ = {
			isa = XCConfigurationList;
			buildConfigurations = (
				F570F5DF1BD4FF9F00CD0B0D /* Debug */,
				F570F5E01BD4FF9F00CD0B0D /* Release */,
			);
			defaultConfigurationIsVisible = 0;
		};
		F570F5E11BD4FF9F00CD0B0D /* Build configuration list for PBXNativeTarget "twoTableViewTests" */ = {
			isa = XCConfigurationList;
			buildConfigurations = (
				F570F5E21BD4FF9F00CD0B0D /* Debug */,
				F570F5E31BD4FF9F00CD0B0D /* Release */,
			);
			defaultConfigurationIsVisible = 0;
		};
		F570F5E41BD4FF9F00CD0B0D /* Build configuration list for PBXNativeTarget "twoTableViewUITests" */ = {
			isa = XCConfigurationList;
			buildConfigurations = (
				F570F5E51BD4FF9F00CD0B0D /* Debug */,
				F570F5E61BD4FF9F00CD0B0D /* Release */,
			);
			defaultConfigurationIsVisible = 0;
		};
/* End XCConfigurationList section */
	};
	rootObject = F570F5A91BD4FF9E00CD0B0D /* Project object */;
}
